// !$*UTF8*$!
{
	archiveVersion = 1;
	classes = {
	};
	objectVersion = 46;
	objects = {

/* Begin PBXBuildFile section */
		BE5658AF1850223100518306 /* Foundation.framework in Frameworks */ = {isa = PBXBuildFile; fileRef = BE5658AE1850223100518306 /* Foundation.framework */; };
		BE5658B11850223100518306 /* CoreGraphics.framework in Frameworks */ = {isa = PBXBuildFile; fileRef = BE5658B01850223100518306 /* CoreGraphics.framework */; };
		BE5658B31850223100518306 /* UIKit.framework in Frameworks */ = {isa = PBXBuildFile; fileRef = BE5658B21850223100518306 /* UIKit.framework */; };
		BE5658B91850223100518306 /* InfoPlist.strings in Resources */ = {isa = PBXBuildFile; fileRef = BE5658B71850223100518306 /* InfoPlist.strings */; };
		BE5658BB1850223100518306 /* main.m in Sources */ = {isa = PBXBuildFile; fileRef = BE5658BA1850223100518306 /* main.m */; };
		BE5658BF1850223100518306 /* CardGameAppDelegate.m in Sources */ = {isa = PBXBuildFile; fileRef = BE5658BE1850223100518306 /* CardGameAppDelegate.m */; };
		BE5658C21850223100518306 /* Main.storyboard in Resources */ = {isa = PBXBuildFile; fileRef = BE5658C01850223100518306 /* Main.storyboard */; };
		BE5658C51850223100518306 /* CardGameViewController.m in Sources */ = {isa = PBXBuildFile; fileRef = BE5658C41850223100518306 /* CardGameViewController.m */; };
		BE5658C71850223100518306 /* Images.xcassets in Resources */ = {isa = PBXBuildFile; fileRef = BE5658C61850223100518306 /* Images.xcassets */; };
		BE5658CE1850223100518306 /* XCTest.framework in Frameworks */ = {isa = PBXBuildFile; fileRef = BE5658CD1850223100518306 /* XCTest.framework */; };
		BE5658CF1850223100518306 /* Foundation.framework in Frameworks */ = {isa = PBXBuildFile; fileRef = BE5658AE1850223100518306 /* Foundation.framework */; };
		BE5658D01850223100518306 /* UIKit.framework in Frameworks */ = {isa = PBXBuildFile; fileRef = BE5658B21850223100518306 /* UIKit.framework */; };
		BE5658D81850223100518306 /* InfoPlist.strings in Resources */ = {isa = PBXBuildFile; fileRef = BE5658D61850223100518306 /* InfoPlist.strings */; };
		BE5658DA1850223100518306 /* MatchismoTests.m in Sources */ = {isa = PBXBuildFile; fileRef = BE5658D91850223100518306 /* MatchismoTests.m */; };
		BE598A0A1857DF9500F14726 /* Card.m in Sources */ = {isa = PBXBuildFile; fileRef = BE598A091857DF9500F14726 /* Card.m */; };
		BE598A0D1857E3E000F14726 /* Deck.m in Sources */ = {isa = PBXBuildFile; fileRef = BE598A0C1857E3E000F14726 /* Deck.m */; };
		BE598A101857E8A000F14726 /* PlayingCard.m in Sources */ = {isa = PBXBuildFile; fileRef = BE598A0F1857E8A000F14726 /* PlayingCard.m */; };
/* End PBXBuildFile section */

/* Begin PBXContainerItemProxy section */
		BE5658D11850223100518306 /* PBXContainerItemProxy */ = {
			isa = PBXContainerItemProxy;
			containerPortal = BE5658A31850223100518306 /* Project object */;
			proxyType = 1;
			remoteGlobalIDString = BE5658AA1850223100518306;
			remoteInfo = Matchismo;
		};
/* End PBXContainerItemProxy section */

/* Begin PBXFileReference section */
		BE5658AB1850223100518306 /* Matchismo.app */ = {isa = PBXFileReference; explicitFileType = wrapper.application; includeInIndex = 0; path = Matchismo.app; sourceTree = BUILT_PRODUCTS_DIR; };
		BE5658AE1850223100518306 /* Foundation.framework */ = {isa = PBXFileReference; lastKnownFileType = wrapper.framework; name = Foundation.framework; path = System/Library/Frameworks/Foundation.framework; sourceTree = SDKROOT; };
		BE5658B01850223100518306 /* CoreGraphics.framework */ = {isa = PBXFileReference; lastKnownFileType = wrapper.framework; name = CoreGraphics.framework; path = System/Library/Frameworks/CoreGraphics.framework; sourceTree = SDKROOT; };
		BE5658B21850223100518306 /* UIKit.framework */ = {isa = PBXFileReference; lastKnownFileType = wrapper.framework; name = UIKit.framework; path = System/Library/Frameworks/UIKit.framework; sourceTree = SDKROOT; };
		BE5658B61850223100518306 /* Matchismo-Info.plist */ = {isa = PBXFileReference; lastKnownFileType = text.plist.xml; path = "Matchismo-Info.plist"; sourceTree = "<group>"; };
		BE5658B81850223100518306 /* en */ = {isa = PBXFileReference; lastKnownFileType = text.plist.strings; name = en; path = en.lproj/InfoPlist.strings; sourceTree = "<group>"; };
		BE5658BA1850223100518306 /* main.m */ = {isa = PBXFileReference; lastKnownFileType = sourcecode.c.objc; path = main.m; sourceTree = "<group>"; };
		BE5658BC1850223100518306 /* Matchismo-Prefix.pch */ = {isa = PBXFileReference; lastKnownFileType = sourcecode.c.h; path = "Matchismo-Prefix.pch"; sourceTree = "<group>"; };
		BE5658BD1850223100518306 /* CardGameAppDelegate.h */ = {isa = PBXFileReference; lastKnownFileType = sourcecode.c.h; path = CardGameAppDelegate.h; sourceTree = "<group>"; };
		BE5658BE1850223100518306 /* CardGameAppDelegate.m */ = {isa = PBXFileReference; lastKnownFileType = sourcecode.c.objc; path = CardGameAppDelegate.m; sourceTree = "<group>"; };
		BE5658C11850223100518306 /* Base */ = {isa = PBXFileReference; lastKnownFileType = file.storyboard; name = Base; path = Base.lproj/Main.storyboard; sourceTree = "<group>"; };
		BE5658C31850223100518306 /* CardGameViewController.h */ = {isa = PBXFileReference; lastKnownFileType = sourcecode.c.h; path = CardGameViewController.h; sourceTree = "<group>"; };
		BE5658C41850223100518306 /* CardGameViewController.m */ = {isa = PBXFileReference; lastKnownFileType = sourcecode.c.objc; path = CardGameViewController.m; sourceTree = "<group>"; };
		BE5658C61850223100518306 /* Images.xcassets */ = {isa = PBXFileReference; lastKnownFileType = folder.assetcatalog; path = Images.xcassets; sourceTree = "<group>"; };
		BE5658CC1850223100518306 /* MatchismoTests.xctest */ = {isa = PBXFileReference; explicitFileType = wrapper.cfbundle; includeInIndex = 0; path = MatchismoTests.xctest; sourceTree = BUILT_PRODUCTS_DIR; };
		BE5658CD1850223100518306 /* XCTest.framework */ = {isa = PBXFileReference; lastKnownFileType = wrapper.framework; name = XCTest.framework; path = Library/Frameworks/XCTest.framework; sourceTree = DEVELOPER_DIR; };
		BE5658D51850223100518306 /* MatchismoTests-Info.plist */ = {isa = PBXFileReference; lastKnownFileType = text.plist.xml; path = "MatchismoTests-Info.plist"; sourceTree = "<group>"; };
		BE5658D71850223100518306 /* en */ = {isa = PBXFileReference; lastKnownFileType = text.plist.strings; name = en; path = en.lproj/InfoPlist.strings; sourceTree = "<group>"; };
		BE5658D91850223100518306 /* MatchismoTests.m */ = {isa = PBXFileReference; lastKnownFileType = sourcecode.c.objc; path = MatchismoTests.m; sourceTree = "<group>"; };
		BE598A081857DF9500F14726 /* Card.h */ = {isa = PBXFileReference; fileEncoding = 4; lastKnownFileType = sourcecode.c.h; path = Card.h; sourceTree = "<group>"; };
		BE598A091857DF9500F14726 /* Card.m */ = {isa = PBXFileReference; fileEncoding = 4; lastKnownFileType = sourcecode.c.objc; path = Card.m; sourceTree = "<group>"; };
		BE598A0B1857E3E000F14726 /* Deck.h */ = {isa = PBXFileReference; fileEncoding = 4; lastKnownFileType = sourcecode.c.h; path = Deck.h; sourceTree = "<group>"; };
		BE598A0C1857E3E000F14726 /* Deck.m */ = {isa = PBXFileReference; fileEncoding = 4; lastKnownFileType = sourcecode.c.objc; path = Deck.m; sourceTree = "<group>"; };
		BE598A0E1857E8A000F14726 /* PlayingCard.h */ = {isa = PBXFileReference; fileEncoding = 4; lastKnownFileType = sourcecode.c.h; path = PlayingCard.h; sourceTree = "<group>"; };
		BE598A0F1857E8A000F14726 /* PlayingCard.m */ = {isa = PBXFileReference; fileEncoding = 4; lastKnownFileType = sourcecode.c.objc; path = PlayingCard.m; sourceTree = "<group>"; };
/* End PBXFileReference section */

/* Begin PBXFrameworksBuildPhase section */
		BE5658A81850223100518306 /* Frameworks */ = {
			isa = PBXFrameworksBuildPhase;
			buildActionMask = 2147483647;
			files = (
				BE5658B11850223100518306 /* CoreGraphics.framework in Frameworks */,
				BE5658B31850223100518306 /* UIKit.framework in Frameworks */,
				BE5658AF1850223100518306 /* Foundation.framework in Frameworks */,
			);
			runOnlyForDeploymentPostprocessing = 0;
		};
		BE5658C91850223100518306 /* Frameworks */ = {
			isa = PBXFrameworksBuildPhase;
			buildActionMask = 2147483647;
			files = (
				BE5658CE1850223100518306 /* XCTest.framework in Frameworks */,
				BE5658D01850223100518306 /* UIKit.framework in Frameworks */,
				BE5658CF1850223100518306 /* Foundation.framework in Frameworks */,
			);
			runOnlyForDeploymentPostprocessing = 0;
		};
/* End PBXFrameworksBuildPhase section */

/* Begin PBXGroup section */
		BE5658A21850223100518306 = {
			isa = PBXGroup;
			children = (
				BE5658B41850223100518306 /* Matchismo */,
				BE5658D31850223100518306 /* MatchismoTests */,
				BE5658AD1850223100518306 /* Frameworks */,
				BE5658AC1850223100518306 /* Products */,
			);
			sourceTree = "<group>";
		};
		BE5658AC1850223100518306 /* Products */ = {
			isa = PBXGroup;
			children = (
				BE5658AB1850223100518306 /* Matchismo.app */,
				BE5658CC1850223100518306 /* MatchismoTests.xctest */,
			);
			name = Products;
			sourceTree = "<group>";
		};
		BE5658AD1850223100518306 /* Frameworks */ = {
			isa = PBXGroup;
			children = (
				BE5658AE1850223100518306 /* Foundation.framework */,
				BE5658B01850223100518306 /* CoreGraphics.framework */,
				BE5658B21850223100518306 /* UIKit.framework */,
				BE5658CD1850223100518306 /* XCTest.framework */,
			);
			name = Frameworks;
			sourceTree = "<group>";
		};
		BE5658B41850223100518306 /* Matchismo */ = {
			isa = PBXGroup;
			children = (
				BE5658C01850223100518306 /* Main.storyboard */,
				BE5658C31850223100518306 /* CardGameViewController.h */,
				BE5658C41850223100518306 /* CardGameViewController.m */,
				BE5658C61850223100518306 /* Images.xcassets */,
				BE5658B51850223100518306 /* Supporting Files */,
				BE598A081857DF9500F14726 /* Card.h */,
				BE598A091857DF9500F14726 /* Card.m */,
				BE598A0B1857E3E000F14726 /* Deck.h */,
				BE598A0E1857E8A000F14726 /* PlayingCard.h */,
				BE598A0F1857E8A000F14726 /* PlayingCard.m */,
				BE598A0C1857E3E000F14726 /* Deck.m */,
			);
			path = Matchismo;
			sourceTree = "<group>";
		};
		BE5658B51850223100518306 /* Supporting Files */ = {
			isa = PBXGroup;
			children = (
				BE5658BD1850223100518306 /* CardGameAppDelegate.h */,
				BE5658BE1850223100518306 /* CardGameAppDelegate.m */,
				BE5658B61850223100518306 /* Matchismo-Info.plist */,
				BE5658B71850223100518306 /* InfoPlist.strings */,
				BE5658BA1850223100518306 /* main.m */,
				BE5658BC1850223100518306 /* Matchismo-Prefix.pch */,
			);
			name = "Supporting Files";
			sourceTree = "<group>";
		};
		BE5658D31850223100518306 /* MatchismoTests */ = {
			isa = PBXGroup;
			children = (
				BE5658D91850223100518306 /* MatchismoTests.m */,
				BE5658D41850223100518306 /* Supporting Files */,
			);
			path = MatchismoTests;
			sourceTree = "<group>";
		};
		BE5658D41850223100518306 /* Supporting Files */ = {
			isa = PBXGroup;
			children = (
				BE5658D51850223100518306 /* MatchismoTests-Info.plist */,
				BE5658D61850223100518306 /* InfoPlist.strings */,
			);
			name = "Supporting Files";
			sourceTree = "<group>";
		};
/* End PBXGroup section */

/* Begin PBXNativeTarget section */
		BE5658AA1850223100518306 /* Matchismo */ = {
			isa = PBXNativeTarget;
			buildConfigurationList = BE5658DD1850223100518306 /* Build configuration list for PBXNativeTarget "Matchismo" */;
			buildPhases = (
				BE5658A71850223100518306 /* Sources */,
				BE5658A81850223100518306 /* Frameworks */,
				BE5658A91850223100518306 /* Resources */,
			);
			buildRules = (
			);
			dependencies = (
			);
			name = Matchismo;
			productName = Matchismo;
			productReference = BE5658AB1850223100518306 /* Matchismo.app */;
			productType = "com.apple.product-type.application";
		};
		BE5658CB1850223100518306 /* MatchismoTests */ = {
			isa = PBXNativeTarget;
			buildConfigurationList = BE5658E01850223100518306 /* Build configuration list for PBXNativeTarget "MatchismoTests" */;
			buildPhases = (
				BE5658C81850223100518306 /* Sources */,
				BE5658C91850223100518306 /* Frameworks */,
				BE5658CA1850223100518306 /* Resources */,
			);
			buildRules = (
			);
			dependencies = (
				BE5658D21850223100518306 /* PBXTargetDependency */,
			);
			name = MatchismoTests;
			productName = MatchismoTests;
			productReference = BE5658CC1850223100518306 /* MatchismoTests.xctest */;
			productType = "com.apple.product-type.bundle.unit-test";
		};
/* End PBXNativeTarget section */

/* Begin PBXProject section */
		BE5658A31850223100518306 /* Project object */ = {
			isa = PBXProject;
			attributes = {
				CLASSPREFIX = CardGame;
				LastUpgradeCheck = 0500;
				ORGANIZATIONNAME = "Ken Swain";
				TargetAttributes = {
					BE5658CB1850223100518306 = {
						TestTargetID = BE5658AA1850223100518306;
					};
				};
			};
			buildConfigurationList = BE5658A61850223100518306 /* Build configuration list for PBXProject "Matchismo" */;
			compatibilityVersion = "Xcode 3.2";
			developmentRegion = English;
			hasScannedForEncodings = 0;
			knownRegions = (
				en,
				Base,
			);
			mainGroup = BE5658A21850223100518306;
			productRefGroup = BE5658AC1850223100518306 /* Products */;
			projectDirPath = "";
			projectRoot = "";
			targets = (
				BE5658AA1850223100518306 /* Matchismo */,
				BE5658CB1850223100518306 /* MatchismoTests */,
			);
		};
/* End PBXProject section */

/* Begin PBXResourcesBuildPhase section */
		BE5658A91850223100518306 /* Resources */ = {
			isa = PBXResourcesBuildPhase;
			buildActionMask = 2147483647;
			files = (
				BE5658C71850223100518306 /* Images.xcassets in Resources */,
				BE5658B91850223100518306 /* InfoPlist.strings in Resources */,
				BE5658C21850223100518306 /* Main.storyboard in Resources */,
			);
			runOnlyForDeploymentPostprocessing = 0;
		};
		BE5658CA1850223100518306 /* Resources */ = {
			isa = PBXResourcesBuildPhase;
			buildActionMask = 2147483647;
			files = (
				BE5658D81850223100518306 /* InfoPlist.strings in Resources */,
			);
			runOnlyForDeploymentPostprocessing = 0;
		};
/* End PBXResourcesBuildPhase section */

/* Begin PBXSourcesBuildPhase section */
		BE5658A71850223100518306 /* Sources */ = {
			isa = PBXSourcesBuildPhase;
			buildActionMask = 2147483647;
			files = (
				BE598A101857E8A000F14726 /* PlayingCard.m in Sources */,
				BE598A0D1857E3E000F14726 /* Deck.m in Sources */,
				BE5658BF1850223100518306 /* CardGameAppDelegate.m in Sources */,
				BE5658C51850223100518306 /* CardGameViewController.m in Sources */,
				BE5658BB1850223100518306 /* main.m in Sources */,
				BE598A0A1857DF9500F14726 /* Card.m in Sources */,
			);
			runOnlyForDeploymentPostprocessing = 0;
		};
		BE5658C81850223100518306 /* Sources */ = {
			isa = PBXSourcesBuildPhase;
			buildActionMask = 2147483647;
			files = (
				BE5658DA1850223100518306 /* MatchismoTests.m in Sources */,
			);
			runOnlyForDeploymentPostprocessing = 0;
		};
/* End PBXSourcesBuildPhase section */

/* Begin PBXTargetDependency section */
		BE5658D21850223100518306 /* PBXTargetDependency */ = {
			isa = PBXTargetDependency;
			target = BE5658AA1850223100518306 /* Matchismo */;
			targetProxy = BE5658D11850223100518306 /* PBXContainerItemProxy */;
		};
/* End PBXTargetDependency section */

/* Begin PBXVariantGroup section */
		BE5658B71850223100518306 /* InfoPlist.strings */ = {
			isa = PBXVariantGroup;
			children = (
				BE5658B81850223100518306 /* en */,
			);
			name = InfoPlist.strings;
			sourceTree = "<group>";
		};
		BE5658C01850223100518306 /* Main.storyboard */ = {
			isa = PBXVariantGroup;
			children = (
				BE5658C11850223100518306 /* Base */,
			);
			name = Main.storyboard;
			sourceTree = "<group>";
		};
		BE5658D61850223100518306 /* InfoPlist.strings */ = {
			isa = PBXVariantGroup;
			children = (
				BE5658D71850223100518306 /* en */,
			);
			name = InfoPlist.strings;
			sourceTree = "<group>";
		};
/* End PBXVariantGroup section */

/* Begin XCBuildConfiguration section */
		BE5658DB1850223100518306 /* Debug */ = {
			isa = XCBuildConfiguration;
			buildSettings = {
				ALWAYS_SEARCH_USER_PATHS = NO;
				ARCHS = "$(ARCHS_STANDARD_INCLUDING_64_BIT)";
				CLANG_CXX_LANGUAGE_STANDARD = "gnu++0x";
				CLANG_CXX_LIBRARY = "libc++";
				CLANG_ENABLE_MODULES = YES;
				CLANG_ENABLE_OBJC_ARC = YES;
				CLANG_WARN_BOOL_CONVERSION = YES;
				CLANG_WARN_CONSTANT_CONVERSION = YES;
				CLANG_WARN_DIRECT_OBJC_ISA_USAGE = YES_ERROR;
				CLANG_WARN_EMPTY_BODY = YES;
				CLANG_WARN_ENUM_CONVERSION = YES;
				CLANG_WARN_INT_CONVERSION = YES;
				CLANG_WARN_OBJC_ROOT_CLASS = YES_ERROR;
				CLANG_WARN__DUPLICATE_METHOD_MATCH = YES;
				"CODE_SIGN_IDENTITY[sdk=iphoneos*]" = "iPhone Developer";
				COPY_PHASE_STRIP = NO;
				GCC_C_LANGUAGE_STANDARD = gnu99;
				GCC_DYNAMIC_NO_PIC = NO;
				GCC_OPTIMIZATION_LEVEL = 0;
				GCC_PREPROCESSOR_DEFINITIONS = (
					"DEBUG=1",
					"$(inherited)",
				);
				GCC_SYMBOLS_PRIVATE_EXTERN = NO;
				GCC_WARN_64_TO_32_BIT_CONVERSION = YES;
				GCC_WARN_ABOUT_RETURN_TYPE = YES_ERROR;
				GCC_WARN_UNDECLARED_SELECTOR = YES;
				GCC_WARN_UNINITIALIZED_AUTOS = YES;
				GCC_WARN_UNUSED_FUNCTION = YES;
				GCC_WARN_UNUSED_VARIABLE = YES;
				IPHONEOS_DEPLOYMENT_TARGET = 7.0;
				ONLY_ACTIVE_ARCH = YES;
				SDKROOT = iphoneos;
			};
			name = Debug;
		};
		BE5658DC1850223100518306 /* Release */ = {
			isa = XCBuildConfiguration;
			buildSettings = {
				ALWAYS_SEARCH_USER_PATHS = NO;
				ARCHS = "$(ARCHS_STANDARD_INCLUDING_64_BIT)";
				CLANG_CXX_LANGUAGE_STANDARD = "gnu++0x";
				CLANG_CXX_LIBRARY = "libc++";
				CLANG_ENABLE_MODULES = YES;
				CLANG_ENABLE_OBJC_ARC = YES;
				CLANG_WARN_BOOL_CONVERSION = YES;
				CLANG_WARN_CONSTANT_CONVERSION = YES;
				CLANG_WARN_DIRECT_OBJC_ISA_USAGE = YES_ERROR;
				CLANG_WARN_EMPTY_BODY = YES;
				CLANG_WARN_ENUM_CONVERSION = YES;
				CLANG_WARN_INT_CONVERSION = YES;
				CLANG_WARN_OBJC_ROOT_CLASS = YES_ERROR;
				CLANG_WARN__DUPLICATE_METHOD_MATCH = YES;
				"CODE_SIGN_IDENTITY[sdk=iphoneos*]" = "iPhone Developer";
				COPY_PHASE_STRIP = YES;
				ENABLE_NS_ASSERTIONS = NO;
				GCC_C_LANGUAGE_STANDARD = gnu99;
				GCC_WARN_64_TO_32_BIT_CONVERSION = YES;
				GCC_WARN_ABOUT_RETURN_TYPE = YES_ERROR;
				GCC_WARN_UNDECLARED_SELECTOR = YES;
				GCC_WARN_UNINITIALIZED_AUTOS = YES;
				GCC_WARN_UNUSED_FUNCTION = YES;
				GCC_WARN_UNUSED_VARIABLE = YES;
				IPHONEOS_DEPLOYMENT_TARGET = 7.0;
				SDKROOT = iphoneos;
				VALIDATE_PRODUCT = YES;
			};
			name = Release;
		};
		BE5658DE1850223100518306 /* Debug */ = {
			isa = XCBuildConfiguration;
			buildSettings = {
				ASSETCATALOG_COMPILER_APPICON_NAME = AppIcon;
				ASSETCATALOG_COMPILER_LAUNCHIMAGE_NAME = LaunchImage;
				GCC_PRECOMPILE_PREFIX_HEADER = YES;
				GCC_PREFIX_HEADER = "Matchismo/Matchismo-Prefix.pch";
				INFOPLIST_FILE = "Matchismo/Matchismo-Info.plist";
				PRODUCT_NAME = "$(TARGET_NAME)";
				WRAPPER_EXTENSION = app;
			};
			name = Debug;
		};
		BE5658DF1850223100518306 /* Release */ = {
			isa = XCBuildConfiguration;
			buildSettings = {
				ASSETCATALOG_COMPILER_APPICON_NAME = AppIcon;
				ASSETCATALOG_COMPILER_LAUNCHIMAGE_NAME = LaunchImage;
				GCC_PRECOMPILE_PREFIX_HEADER = YES;
				GCC_PREFIX_HEADER = "Matchismo/Matchismo-Prefix.pch";
				INFOPLIST_FILE = "Matchismo/Matchismo-Info.plist";
				PRODUCT_NAME = "$(TARGET_NAME)";
				WRAPPER_EXTENSION = app;
			};
			name = Release;
		};
		BE5658E11850223100518306 /* Debug */ = {
			isa = XCBuildConfiguration;
			buildSettings = {
				ARCHS = "$(ARCHS_STANDARD_INCLUDING_64_BIT)";
				BUNDLE_LOADER = "$(BUILT_PRODUCTS_DIR)/Matchismo.app/Matchismo";
				FRAMEWORK_SEARCH_PATHS = (
					"$(SDKROOT)/Developer/Library/Frameworks",
					"$(inherited)",
					"$(DEVELOPER_FRAMEWORKS_DIR)",
				);
				GCC_PRECOMPILE_PREFIX_HEADER = YES;
				GCC_PREFIX_HEADER = "Matchismo/Matchismo-Prefix.pch";
				GCC_PREPROCESSOR_DEFINITIONS = (
					"DEBUG=1",
					"$(inherited)",
				);
				INFOPLIST_FILE = "MatchismoTests/MatchismoTests-Info.plist";
				PRODUCT_NAME = "$(TARGET_NAME)";
				TEST_HOST = "$(BUNDLE_LOADER)";
				WRAPPER_EXTENSION = xctest;
			};
			name = Debug;
		};
		BE5658E21850223100518306 /* Release */ = {
			isa = XCBuildConfiguration;
			buildSettings = {
				ARCHS = "$(ARCHS_STANDARD_INCLUDING_64_BIT)";
				BUNDLE_LOADER = "$(BUILT_PRODUCTS_DIR)/Matchismo.app/Matchismo";
				FRAMEWORK_SEARCH_PATHS = (
					"$(SDKROOT)/Developer/Library/Frameworks",
					"$(inherited)",
					"$(DEVELOPER_FRAMEWORKS_DIR)",
				);
				GCC_PRECOMPILE_PREFIX_HEADER = YES;
				GCC_PREFIX_HEADER = "Matchismo/Matchismo-Prefix.pch";
				INFOPLIST_FILE = "MatchismoTests/MatchismoTests-Info.plist";
				PRODUCT_NAME = "$(TARGET_NAME)";
				TEST_HOST = "$(BUNDLE_LOADER)";
				WRAPPER_EXTENSION = xctest;
			};
			name = Release;
		};
/* End XCBuildConfiguration section */

/* Begin XCConfigurationList section */
		BE5658A61850223100518306 /* Build configuration list for PBXProject "Matchismo" */ = {
			isa = XCConfigurationList;
			buildConfigurations = (
				BE5658DB1850223100518306 /* Debug */,
				BE5658DC1850223100518306 /* Release */,
			);
			defaultConfigurationIsVisible = 0;
			defaultConfigurationName = Release;
		};
		BE5658DD1850223100518306 /* Build configuration list for PBXNativeTarget "Matchismo" */ = {
			isa = XCConfigurationList;
			buildConfigurations = (
				BE5658DE1850223100518306 /* Debug */,
				BE5658DF1850223100518306 /* Release */,
			);
			defaultConfigurationIsVisible = 0;
			defaultConfigurationName = Release;
		};
		BE5658E01850223100518306 /* Build configuration list for PBXNativeTarget "MatchismoTests" */ = {
			isa = XCConfigurationList;
			buildConfigurations = (
				BE5658E11850223100518306 /* Debug */,
				BE5658E21850223100518306 /* Release */,
			);
			defaultConfigurationIsVisible = 0;
			defaultConfigurationName = Release;
		};
/* End XCConfigurationList section */
	};
	rootObject = BE5658A31850223100518306 /* Project object */;
}
